// !$*UTF8*$!
{
	archiveVersion = 1;
	classes = {
	};
	objectVersion = 56;
	objects = {

/* Begin PBXBuildFile section */
		C65AC5CB2A5B4F5C008F165E /* landmarkData.json in Resources */ = {isa = PBXBuildFile; fileRef = C65AC5CA2A5B4F5C008F165E /* landmarkData.json */; };
		C65AC5CD2A5B4F8A008F165E /* Landmark.swift in Sources */ = {isa = PBXBuildFile; fileRef = C65AC5CC2A5B4F8A008F165E /* Landmark.swift */; };
		C65AC5E52A5B5083008F165E /* ModelData.swift in Sources */ = {isa = PBXBuildFile; fileRef = C65AC5E42A5B5083008F165E /* ModelData.swift */; };
		C65AC5EA2A5B518C008F165E /* LandmarkRow.swift in Sources */ = {isa = PBXBuildFile; fileRef = C65AC5E92A5B518C008F165E /* LandmarkRow.swift */; };
		C65AC5EC2A5B5273008F165E /* LandmarkList.swift in Sources */ = {isa = PBXBuildFile; fileRef = C65AC5EB2A5B5273008F165E /* LandmarkList.swift */; };
		C6E0C5E72A5B468500D868AE /* LandmarksApp.swift in Sources */ = {isa = PBXBuildFile; fileRef = C6E0C5E62A5B468500D868AE /* LandmarksApp.swift */; };
		C6E0C5E92A5B468500D868AE /* ContentView.swift in Sources */ = {isa = PBXBuildFile; fileRef = C6E0C5E82A5B468500D868AE /* ContentView.swift */; };
		C6E0C5EB2A5B468600D868AE /* Assets.xcassets in Resources */ = {isa = PBXBuildFile; fileRef = C6E0C5EA2A5B468600D868AE /* Assets.xcassets */; };
		C6E0C5EE2A5B468600D868AE /* Preview Assets.xcassets in Resources */ = {isa = PBXBuildFile; fileRef = C6E0C5ED2A5B468600D868AE /* Preview Assets.xcassets */; };
		C6E0C5F72A5B4AD300D868AE /* CircleImage.swift in Sources */ = {isa = PBXBuildFile; fileRef = C6E0C5F62A5B4AD300D868AE /* CircleImage.swift */; };
		C6E0C5F92A5B4BAE00D868AE /* MapView.swift in Sources */ = {isa = PBXBuildFile; fileRef = C6E0C5F82A5B4BAE00D868AE /* MapView.swift */; };
/* End PBXBuildFile section */

/* Begin PBXFileReference section */
		C65AC5CA2A5B4F5C008F165E /* landmarkData.json */ = {isa = PBXFileReference; fileEncoding = 4; lastKnownFileType = text.json; path = landmarkData.json; sourceTree = "<group>"; };
		C65AC5CC2A5B4F8A008F165E /* Landmark.swift */ = {isa = PBXFileReference; lastKnownFileType = sourcecode.swift; path = Landmark.swift; sourceTree = "<group>"; };
		C65AC5E42A5B5083008F165E /* ModelData.swift */ = {isa = PBXFileReference; lastKnownFileType = sourcecode.swift; path = ModelData.swift; sourceTree = "<group>"; };
		C65AC5E92A5B518C008F165E /* LandmarkRow.swift */ = {isa = PBXFileReference; lastKnownFileType = sourcecode.swift; name = LandmarkRow.swift; path = Landmarks/LandmarkRow.swift; sourceTree = SOURCE_ROOT; };
		C65AC5EB2A5B5273008F165E /* LandmarkList.swift */ = {isa = PBXFileReference; lastKnownFileType = sourcecode.swift; path = LandmarkList.swift; sourceTree = "<group>"; };
		C6E0C5E32A5B468500D868AE /* Landmarks.app */ = {isa = PBXFileReference; explicitFileType = wrapper.application; includeInIndex = 0; path = Landmarks.app; sourceTree = BUILT_PRODUCTS_DIR; };
		C6E0C5E62A5B468500D868AE /* LandmarksApp.swift */ = {isa = PBXFileReference; lastKnownFileType = sourcecode.swift; path = LandmarksApp.swift; sourceTree = "<group>"; };
		C6E0C5E82A5B468500D868AE /* ContentView.swift */ = {isa = PBXFileReference; lastKnownFileType = sourcecode.swift; path = ContentView.swift; sourceTree = "<group>"; };
		C6E0C5EA2A5B468600D868AE /* Assets.xcassets */ = {isa = PBXFileReference; lastKnownFileType = folder.assetcatalog; path = Assets.xcassets; sourceTree = "<group>"; };
		C6E0C5ED2A5B468600D868AE /* Preview Assets.xcassets */ = {isa = PBXFileReference; lastKnownFileType = folder.assetcatalog; path = "Preview Assets.xcassets"; sourceTree = "<group>"; };
		C6E0C5F62A5B4AD300D868AE /* CircleImage.swift */ = {isa = PBXFileReference; lastKnownFileType = sourcecode.swift; path = CircleImage.swift; sourceTree = "<group>"; };
		C6E0C5F82A5B4BAE00D868AE /* MapView.swift */ = {isa = PBXFileReference; lastKnownFileType = sourcecode.swift; path = MapView.swift; sourceTree = "<group>"; };
/* End PBXFileReference section */

/* Begin PBXFrameworksBuildPhase section */
		C6E0C5E02A5B468500D868AE /* Frameworks */ = {
			isa = PBXFrameworksBuildPhase;
			buildActionMask = 2147483647;
			files = (
			);
			runOnlyForDeploymentPostprocessing = 0;
		};
/* End PBXFrameworksBuildPhase section */

/* Begin PBXGroup section */
		C65AC5E62A5B50D4008F165E /* Model */ = {
			isa = PBXGroup;
			children = (
				C65AC5CC2A5B4F8A008F165E /* Landmark.swift */,
				C65AC5E42A5B5083008F165E /* ModelData.swift */,
			);
			path = Model;
			sourceTree = "<group>";
		};
		C65AC5E72A5B5138008F165E /* View */ = {
			isa = PBXGroup;
			children = (
				C65AC5E92A5B518C008F165E /* LandmarkRow.swift */,
				C6E0C5F62A5B4AD300D868AE /* CircleImage.swift */,
				C6E0C5F82A5B4BAE00D868AE /* MapView.swift */,
				C6E0C5E82A5B468500D868AE /* ContentView.swift */,
				C65AC5EB2A5B5273008F165E /* LandmarkList.swift */,
			);
			path = View;
			sourceTree = "<group>";
		};
		C65AC5E82A5B5150008F165E /* Resources */ = {
			isa = PBXGroup;
			children = (
				C65AC5CA2A5B4F5C008F165E /* landmarkData.json */,
			);
			path = Resources;
			sourceTree = "<group>";
		};
		C6E0C5DA2A5B468500D868AE = {
			isa = PBXGroup;
			children = (
				C6E0C5E52A5B468500D868AE /* Landmarks */,
				C6E0C5E42A5B468500D868AE /* Products */,
			);
			sourceTree = "<group>";
		};
		C6E0C5E42A5B468500D868AE /* Products */ = {
			isa = PBXGroup;
			children = (
				C6E0C5E32A5B468500D868AE /* Landmarks.app */,
			);
			name = Products;
			sourceTree = "<group>";
		};
		C6E0C5E52A5B468500D868AE /* Landmarks */ = {
			isa = PBXGroup;
			children = (
				C65AC5E72A5B5138008F165E /* View */,
				C65AC5E82A5B5150008F165E /* Resources */,
				C6E0C5E62A5B468500D868AE /* LandmarksApp.swift */,
				C6E0C5EA2A5B468600D868AE /* Assets.xcassets */,
				C6E0C5EC2A5B468600D868AE /* Preview Content */,
				C65AC5E62A5B50D4008F165E /* Model */,
			);
			path = Landmarks;
			sourceTree = "<group>";
		};
		C6E0C5EC2A5B468600D868AE /* Preview Content */ = {
			isa = PBXGroup;
			children = (
				C6E0C5ED2A5B468600D868AE /* Preview Assets.xcassets */,
			);
			path = "Preview Content";
			sourceTree = "<group>";
		};
/* End PBXGroup section */

/* Begin PBXNativeTarget section */
		C6E0C5E22A5B468500D868AE /* Landmarks */ = {
			isa = PBXNativeTarget;
			buildConfigurationList = C6E0C5F12A5B468600D868AE /* Build configuration list for PBXNativeTarget "Landmarks" */;
			buildPhases = (
				C6E0C5DF2A5B468500D868AE /* Sources */,
				C6E0C5E02A5B468500D868AE /* Frameworks */,
				C6E0C5E12A5B468500D868AE /* Resources */,
			);
			buildRules = (
			);
			dependencies = (
			);
			name = Landmarks;
			productName = Landmarks;
			productReference = C6E0C5E32A5B468500D868AE /* Landmarks.app */;
			productType = "com.apple.product-type.application";
		};
/* End PBXNativeTarget section */

/* Begin PBXProject section */
		C6E0C5DB2A5B468500D868AE /* Project object */ = {
			isa = PBXProject;
			attributes = {
				BuildIndependentTargetsInParallel = 1;
				LastSwiftUpdateCheck = 1430;
				LastUpgradeCheck = 1430;
				TargetAttributes = {
					C6E0C5E22A5B468500D868AE = {
						CreatedOnToolsVersion = 14.3.1;
					};
				};
			};
			buildConfigurationList = C6E0C5DE2A5B468500D868AE /* Build configuration list for PBXProject "Landmarks" */;
			compatibilityVersion = "Xcode 14.0";
			developmentRegion = en;
			hasScannedForEncodings = 0;
			knownRegions = (
				en,
				Base,
			);
			mainGroup = C6E0C5DA2A5B468500D868AE;
			productRefGroup = C6E0C5E42A5B468500D868AE /* Products */;
			projectDirPath = "";
			projectRoot = "";
			targets = (
				C6E0C5E22A5B468500D868AE /* Landmarks */,
			);
		};
/* End PBXProject section */

/* Begin PBXResourcesBuildPhase section */
		C6E0C5E12A5B468500D868AE /* Resources */ = {
			isa = PBXResourcesBuildPhase;
			buildActionMask = 2147483647;
			files = (
				C6E0C5EE2A5B468600D868AE /* Preview Assets.xcassets in Resources */,
				C6E0C5EB2A5B468600D868AE /* Assets.xcassets in Resources */,
				C65AC5CB2A5B4F5C008F165E /* landmarkData.json in Resources */,
			);
			runOnlyForDeploymentPostprocessing = 0;
		};
/* End PBXResourcesBuildPhase section */

/* Begin PBXSourcesBuildPhase section */
		C6E0C5DF2A5B468500D868AE /* Sources */ = {
			isa = PBXSourcesBuildPhase;
			buildActionMask = 2147483647;
			files = (
				C6E0C5E92A5B468500D868AE /* ContentView.swift in Sources */,
				C6E0C5F92A5B4BAE00D868AE /* MapView.swift in Sources */,
				C6E0C5E72A5B468500D868AE /* LandmarksApp.swift in Sources */,
				C65AC5EC2A5B5273008F165E /* LandmarkList.swift in Sources */,
				C6E0C5F72A5B4AD300D868AE /* CircleImage.swift in Sources */,
				C65AC5CD2A5B4F8A008F165E /* Landmark.swift in Sources */,
				C65AC5EA2A5B518C008F165E /* LandmarkRow.swift in Sources */,
				C65AC5E52A5B5083008F165E /* ModelData.swift in Sources */,
			);
			runOnlyForDeploymentPostprocessing = 0;
		};
/* End PBXSourcesBuildPhase section */

/* Begin XCBuildConfiguration section */
		C6E0C5EF2A5B468600D868AE /* Debug */ = {
			isa = XCBuildConfiguration;
			buildSettings = {
				ALWAYS_SEARCH_USER_PATHS = NO;
				CLANG_ANALYZER_NONNULL = YES;
				CLANG_ANALYZER_NUMBER_OBJECT_CONVERSION = YES_AGGRESSIVE;
				CLANG_CXX_LANGUAGE_STANDARD = "gnu++20";
				CLANG_ENABLE_MODULES = YES;
				CLANG_ENABLE_OBJC_ARC = YES;
				CLANG_ENABLE_OBJC_WEAK = YES;
				CLANG_WARN_BLOCK_CAPTURE_AUTORELEASING = YES;
				CLANG_WARN_BOOL_CONVERSION = YES;
				CLANG_WARN_COMMA = YES;
				CLANG_WARN_CONSTANT_CONVERSION = YES;
				CLANG_WARN_DEPRECATED_OBJC_IMPLEMENTATIONS = YES;
				CLANG_WARN_DIRECT_OBJC_ISA_USAGE = YES_ERROR;
				CLANG_WARN_DOCUMENTATION_COMMENTS = YES;
				CLANG_WARN_EMPTY_BODY = YES;
				CLANG_WARN_ENUM_CONVERSION = YES;
				CLANG_WARN_INFINITE_RECURSION = YES;
				CLANG_WARN_INT_CONVERSION = YES;
				CLANG_WARN_NON_LITERAL_NULL_CONVERSION = YES;
				CLANG_WARN_OBJC_IMPLICIT_RETAIN_SELF = YES;
				CLANG_WARN_OBJC_LITERAL_CONVERSION = YES;
				CLANG_WARN_OBJC_ROOT_CLASS = YES_ERROR;
				CLANG_WARN_QUOTED_INCLUDE_IN_FRAMEWORK_HEADER = YES;
				CLANG_WARN_RANGE_LOOP_ANALYSIS = YES;
				CLANG_WARN_STRICT_PROTOTYPES = YES;
				CLANG_WARN_SUSPICIOUS_MOVE = YES;
				CLANG_WARN_UNGUARDED_AVAILABILITY = YES_AGGRESSIVE;
				CLANG_WARN_UNREACHABLE_CODE = YES;
				CLANG_WARN__DUPLICATE_METHOD_MATCH = YES;
				COPY_PHASE_STRIP = NO;
				DEBUG_INFORMATION_FORMAT = dwarf;
				ENABLE_STRICT_OBJC_MSGSEND = YES;
				ENABLE_TESTABILITY = YES;
				GCC_C_LANGUAGE_STANDARD = gnu11;
				GCC_DYNAMIC_NO_PIC = NO;
				GCC_NO_COMMON_BLOCKS = YES;
				GCC_OPTIMIZATION_LEVEL = 0;
				GCC_PREPROCESSOR_DEFINITIONS = (
					"DEBUG=1",
					"$(inherited)",
				);
				GCC_WARN_64_TO_32_BIT_CONVERSION = YES;
				GCC_WARN_ABOUT_RETURN_TYPE = YES_ERROR;
				GCC_WARN_UNDECLARED_SELECTOR = YES;
				GCC_WARN_UNINITIALIZED_AUTOS = YES_AGGRESSIVE;
				GCC_WARN_UNUSED_FUNCTION = YES;
				GCC_WARN_UNUSED_VARIABLE = YES;
				IPHONEOS_DEPLOYMENT_TARGET = 16.4;
				MTL_ENABLE_DEBUG_INFO = INCLUDE_SOURCE;
				MTL_FAST_MATH = YES;
				ONLY_ACTIVE_ARCH = YES;
				SDKROOT = iphoneos;
				SWIFT_ACTIVE_COMPILATION_CONDITIONS = DEBUG;
				SWIFT_OPTIMIZATION_LEVEL = "-Onone";
			};
			name = Debug;
		};
		C6E0C5F02A5B468600D868AE /* Release */ = {
			isa = XCBuildConfiguration;
			buildSettings = {
				ALWAYS_SEARCH_USER_PATHS = NO;
				CLANG_ANALYZER_NONNULL = YES;
				CLANG_ANALYZER_NUMBER_OBJECT_CONVERSION = YES_AGGRESSIVE;
				CLANG_CXX_LANGUAGE_STANDARD = "gnu++20";
				CLANG_ENABLE_MODULES = YES;
				CLANG_ENABLE_OBJC_ARC = YES;
				CLANG_ENABLE_OBJC_WEAK = YES;
				CLANG_WARN_BLOCK_CAPTURE_AUTORELEASING = YES;
				CLANG_WARN_BOOL_CONVERSION = YES;
				CLANG_WARN_COMMA = YES;
				CLANG_WARN_CONSTANT_CONVERSION = YES;
				CLANG_WARN_DEPRECATED_OBJC_IMPLEMENTATIONS = YES;
				CLANG_WARN_DIRECT_OBJC_ISA_USAGE = YES_ERROR;
				CLANG_WARN_DOCUMENTATION_COMMENTS = YES;
				CLANG_WARN_EMPTY_BODY = YES;
				CLANG_WARN_ENUM_CONVERSION = YES;
				CLANG_WARN_INFINITE_RECURSION = YES;
				CLANG_WARN_INT_CONVERSION = YES;
				CLANG_WARN_NON_LITERAL_NULL_CONVERSION = YES;
				CLANG_WARN_OBJC_IMPLICIT_RETAIN_SELF = YES;
				CLANG_WARN_OBJC_LITERAL_CONVERSION = YES;
				CLANG_WARN_OBJC_ROOT_CLASS = YES_ERROR;
				CLANG_WARN_QUOTED_INCLUDE_IN_FRAMEWORK_HEADER = YES;
				CLANG_WARN_RANGE_LOOP_ANALYSIS = YES;
				CLANG_WARN_STRICT_PROTOTYPES = YES;
				CLANG_WARN_SUSPICIOUS_MOVE = YES;
				CLANG_WARN_UNGUARDED_AVAILABILITY = YES_AGGRESSIVE;
				CLANG_WARN_UNREACHABLE_CODE = YES;
				CLANG_WARN__DUPLICATE_METHOD_MATCH = YES;
				COPY_PHASE_STRIP = NO;
				DEBUG_INFORMATION_FORMAT = "dwarf-with-dsym";
				ENABLE_NS_ASSERTIONS = NO;
				ENABLE_STRICT_OBJC_MSGSEND = YES;
				GCC_C_LANGUAGE_STANDARD = gnu11;
				GCC_NO_COMMON_BLOCKS = YES;
				GCC_WARN_64_TO_32_BIT_CONVERSION = YES;
				GCC_WARN_ABOUT_RETURN_TYPE = YES_ERROR;
				GCC_WARN_UNDECLARED_SELECTOR = YES;
				GCC_WARN_UNINITIALIZED_AUTOS = YES_AGGRESSIVE;
				GCC_WARN_UNUSED_FUNCTION = YES;
				GCC_WARN_UNUSED_VARIABLE = YES;
				IPHONEOS_DEPLOYMENT_TARGET = 16.4;
				MTL_ENABLE_DEBUG_INFO = NO;
				MTL_FAST_MATH = YES;
				SDKROOT = iphoneos;
				SWIFT_COMPILATION_MODE = wholemodule;
				SWIFT_OPTIMIZATION_LEVEL = "-O";
				VALIDATE_PRODUCT = YES;
			};
			name = Release;
		};
		C6E0C5F22A5B468600D868AE /* Debug */ = {
			isa = XCBuildConfiguration;
			buildSettings = {
				ASSETCATALOG_COMPILER_APPICON_NAME = AppIcon;
				ASSETCATALOG_COMPILER_GLOBAL_ACCENT_COLOR_NAME = AccentColor;
				CODE_SIGN_STYLE = Automatic;
				CURRENT_PROJECT_VERSION = 1;
				DEVELOPMENT_ASSET_PATHS = "\"Landmarks/Preview Content\"";
				ENABLE_PREVIEWS = YES;
				GENERATE_INFOPLIST_FILE = YES;
				INFOPLIST_KEY_UIApplicationSceneManifest_Generation = YES;
				INFOPLIST_KEY_UIApplicationSupportsIndirectInputEvents = YES;
				INFOPLIST_KEY_UILaunchScreen_Generation = YES;
				INFOPLIST_KEY_UISupportedInterfaceOrientations_iPad = "UIInterfaceOrientationPortrait UIInterfaceOrientationPortraitUpsideDown UIInterfaceOrientationLandscapeLeft UIInterfaceOrientationLandscapeRight";
				INFOPLIST_KEY_UISupportedInterfaceOrientations_iPhone = "UIInterfaceOrientationPortrait UIInterfaceOrientationLandscapeLeft UIInterfaceOrientationLandscapeRight";
				LD_RUNPATH_SEARCH_PATHS = (
					"$(inherited)",
					"@executable_path/Frameworks",
				);
				MARKETING_VERSION = 1.0;
				PRODUCT_BUNDLE_IDENTIFIER = com.example.Landmarks;
				PRODUCT_NAME = "$(TARGET_NAME)";
				SWIFT_EMIT_LOC_STRINGS = YES;
				SWIFT_VERSION = 5.0;
				TARGETED_DEVICE_FAMILY = "1,2";
			};
			name = Debug;
		};
		C6E0C5F32A5B468600D868AE /* Release */ = {
			isa = XCBuildConfiguration;
			buildSettings = {
				ASSETCATALOG_COMPILER_APPICON_NAME = AppIcon;
				ASSETCATALOG_COMPILER_GLOBAL_ACCENT_COLOR_NAME = AccentColor;
				CODE_SIGN_STYLE = Automatic;
				CURRENT_PROJECT_VERSION = 1;
				DEVELOPMENT_ASSET_PATHS = "\"Landmarks/Preview Content\"";
				ENABLE_PREVIEWS = YES;
				GENERATE_INFOPLIST_FILE = YES;
				INFOPLIST_KEY_UIApplicationSceneManifest_Generation = YES;
				INFOPLIST_KEY_UIApplicationSupportsIndirectInputEvents = YES;
				INFOPLIST_KEY_UILaunchScreen_Generation = YES;
				INFOPLIST_KEY_UISupportedInterfaceOrientations_iPad = "UIInterfaceOrientationPortrait UIInterfaceOrientationPortraitUpsideDown UIInterfaceOrientationLandscapeLeft UIInterfaceOrientationLandscapeRight";
				INFOPLIST_KEY_UISupportedInterfaceOrientations_iPhone = "UIInterfaceOrientationPortrait UIInterfaceOrientationLandscapeLeft UIInterfaceOrientationLandscapeRight";
				LD_RUNPATH_SEARCH_PATHS = (
					"$(inherited)",
					"@executable_path/Frameworks",
				);
				MARKETING_VERSION = 1.0;
				PRODUCT_BUNDLE_IDENTIFIER = com.example.Landmarks;
				PRODUCT_NAME = "$(TARGET_NAME)";
				SWIFT_EMIT_LOC_STRINGS = YES;
				SWIFT_VERSION = 5.0;
				TARGETED_DEVICE_FAMILY = "1,2";
			};
			name = Release;
		};
/* End XCBuildConfiguration section */

/* Begin XCConfigurationList section */
		C6E0C5DE2A5B468500D868AE /* Build configuration list for PBXProject "Landmarks" */ = {
			isa = XCConfigurationList;
			buildConfigurations = (
				C6E0C5EF2A5B468600D868AE /* Debug */,
				C6E0C5F02A5B468600D868AE /* Release */,
			);
			defaultConfigurationIsVisible = 0;
			defaultConfigurationName = Release;
		};
		C6E0C5F12A5B468600D868AE /* Build configuration list for PBXNativeTarget "Landmarks" */ = {
			isa = XCConfigurationList;
			buildConfigurations = (
				C6E0C5F22A5B468600D868AE /* Debug */,
				C6E0C5F32A5B468600D868AE /* Release */,
			);
			defaultConfigurationIsVisible = 0;
			defaultConfigurationName = Release;
		};
/* End XCConfigurationList section */
	};
	rootObject = C6E0C5DB2A5B468500D868AE /* Project object */;
}
